PODS:
  - Cartography (4.0.0)
  - SwiftDate (6.0.3)

DEPENDENCIES:
  - Cartography
  - SwiftDate

SPEC REPOS:
  https://github.com/cocoapods/specs.git:
    - Cartography
    - SwiftDate

SPEC CHECKSUMS:
  Cartography: c5626d29056b20f1e95c017326ee4df57cc39ad8
  SwiftDate: 8d4f14bf1ef68e95094511504856547bf9e3e1a6

PODFILE CHECKSUM: 56852fba0b887fee64de907db190a974001b944f

COCOAPODS: 1.7.5
